
Microsoft Visual Studio Solution File, Format Version 12.00
# Visual Studio Version 16
VisualStudioVersion = 16.0.29020.237
MinimumVisualStudioVersion = 10.0.40219.1
Project("{8BC9CEB8-8B4A-11D0-8D11-00A0C91BC942}") = "ogltank", "ogltank.vcxproj", "{B7DFCD4A-FC75-4D46-B37D-34815E4762C5}"
EndProject
Global
	GlobalSection(SolutionConfigurationPlatforms) = preSolution
		Debug|x64 = Debug|x64
		Debug|x86 = Debug|x86
		Release|x64 = Release|x64
		Release|x86 = Release|x86
	EndGlobalSection
	GlobalSection(ProjectConfigurationPlatforms) = postSolution
		{B7DFCD4A-FC75-4D46-B37D-34815E4762C5}.Debug|x64.ActiveCfg = Debug|x64
		{B7DFCD4A-FC75-4D46-B37D-34815E4762C5}.Debug|x64.Build.0 = Debug|x64
		{B7DFCD4A-FC75-4D46-B37D-34815E4762C5}.Debug|x86.ActiveCfg = Debug|Win32
		{B7DFCD4A-FC75-4D46-B37D-34815E4762C5}.Debug|x86.Build.0 = Debug|Win32
		{B7DFCD4A-FC75-4D46-B37D-34815E4762C5}.Release|x64.ActiveCfg = Release|x64
		{B7DFCD4A-FC75-4D46-B37D-34815E4762C5}.Release|x64.Build.0 = Release|x64
		{B7DFCD4A-FC75-4D46-B37D-34815E4762C5}.Release|x86.ActiveCfg = Release|Win32
		{B7DFCD4A-FC75-4D46-B37D-34815E4762C5}.Release|x86.Build.0 = Release|Win32
	EndGlobalSection
	GlobalSection(SolutionProperties) = preSolution
		HideSolutionNode = FALSE
	EndGlobalSection
	GlobalSection(ExtensibilityGlobals) = postSolution
		SolutionGuid = {EF83A003-B82D-448A-88E1-13ED4AD07DA2}
	EndGlobalSection
EndGlobal
